// !$*UTF8*$!
{
	archiveVersion = 1;
	classes = {
	};
	objectVersion = 46;
	objects = {

/* Begin PBXBuildFile section */
		ADF5F8761C68A039004EF1DA /* AppDelegate.swift in Sources */ = {isa = PBXBuildFile; fileRef = ADF5F8751C68A039004EF1DA /* AppDelegate.swift */; };
		ADF5F8781C68A039004EF1DA /* ViewController.swift in Sources */ = {isa = PBXBuildFile; fileRef = ADF5F8771C68A039004EF1DA /* ViewController.swift */; };
		ADF5F87B1C68A039004EF1DA /* Main.storyboard in Resources */ = {isa = PBXBuildFile; fileRef = ADF5F8791C68A039004EF1DA /* Main.storyboard */; };
		ADF5F87D1C68A039004EF1DA /* Assets.xcassets in Resources */ = {isa = PBXBuildFile; fileRef = ADF5F87C1C68A039004EF1DA /* Assets.xcassets */; };
		ADF5F8801C68A039004EF1DA /* LaunchScreen.storyboard in Resources */ = {isa = PBXBuildFile; fileRef = ADF5F87E1C68A039004EF1DA /* LaunchScreen.storyboard */; };
/* End PBXBuildFile section */

/* Begin PBXFileReference section */
		ADF5F8721C68A039004EF1DA /* SampleScroll.app */ = {isa = PBXFileReference; explicitFileType = wrapper.application; includeInIndex = 0; path = SampleScroll.app; sourceTree = BUILT_PRODUCTS_DIR; };
		ADF5F8751C68A039004EF1DA /* AppDelegate.swift */ = {isa = PBXFileReference; lastKnownFileType = sourcecode.swift; path = AppDelegate.swift; sourceTree = "<group>"; };
		ADF5F8771C68A039004EF1DA /* ViewController.swift */ = {isa = PBXFileReference; lastKnownFileType = sourcecode.swift; path = ViewController.swift; sourceTree = "<group>"; xcLanguageSpecificationIdentifier = xcode.lang.swift; };
		ADF5F87A1C68A039004EF1DA /* Base */ = {isa = PBXFileReference; lastKnownFileType = file.storyboard; name = Base; path = Base.lproj/Main.storyboard; sourceTree = "<group>"; };
		ADF5F87C1C68A039004EF1DA /* Assets.xcassets */ = {isa = PBXFileReference; lastKnownFileType = folder.assetcatalog; path = Assets.xcassets; sourceTree = "<group>"; };
		ADF5F87F1C68A039004EF1DA /* Base */ = {isa = PBXFileReference; lastKnownFileType = file.storyboard; name = Base; path = Base.lproj/LaunchScreen.storyboard; sourceTree = "<group>"; };
		ADF5F8811C68A039004EF1DA /* Info.plist */ = {isa = PBXFileReference; lastKnownFileType = text.plist.xml; path = Info.plist; sourceTree = "<group>"; };
/* End PBXFileReference section */

/* Begin PBXFrameworksBuildPhase section */
		ADF5F86F1C68A039004EF1DA /* Frameworks */ = {
			isa = PBXFrameworksBuildPhase;
			buildActionMask = 2147483647;
			files = (
			);
			runOnlyForDeploymentPostprocessing = 0;
		};
/* End PBXFrameworksBuildPhase section */

/* Begin PBXGroup section */
		ADF5F8691C68A039004EF1DA = {
			isa = PBXGroup;
			children = (
				ADF5F8741C68A039004EF1DA /* SampleScroll */,
				ADF5F8731C68A039004EF1DA /* Products */,
			);
			sourceTree = "<group>";
		};
		ADF5F8731C68A039004EF1DA /* Products */ = {
			isa = PBXGroup;
			children = (
				ADF5F8721C68A039004EF1DA /* SampleScroll.app */,
			);
			name = Products;
			sourceTree = "<group>";
		};
		ADF5F8741C68A039004EF1DA /* SampleScroll */ = {
			isa = PBXGroup;
			children = (
				ADF5F8751C68A039004EF1DA /* AppDelegate.swift */,
				ADF5F8771C68A039004EF1DA /* ViewController.swift */,
				ADF5F8791C68A039004EF1DA /* Main.storyboard */,
				ADF5F87C1C68A039004EF1DA /* Assets.xcassets */,
				ADF5F87E1C68A039004EF1DA /* LaunchScreen.storyboard */,
				ADF5F8811C68A039004EF1DA /* Info.plist */,
			);
			path = SampleScroll;
			sourceTree = "<group>";
		};
/* End PBXGroup section */

/* Begin PBXNativeTarget section */
		ADF5F8711C68A039004EF1DA /* SampleScroll */ = {
			isa = PBXNativeTarget;
			buildConfigurationList = ADF5F8841C68A039004EF1DA /* Build configuration list for PBXNativeTarget "SampleScroll" */;
			buildPhases = (
				ADF5F86E1C68A039004EF1DA /* Sources */,
				ADF5F86F1C68A039004EF1DA /* Frameworks */,
				ADF5F8701C68A039004EF1DA /* Resources */,
			);
			buildRules = (
			);
			dependencies = (
			);
			name = SampleScroll;
			productName = SampleScroll;
			productReference = ADF5F8721C68A039004EF1DA /* SampleScroll.app */;
			productType = "com.apple.product-type.application";
		};
/* End PBXNativeTarget section */

/* Begin PBXProject section */
		ADF5F86A1C68A039004EF1DA /* Project object */ = {
			isa = PBXProject;
			attributes = {
				LastSwiftUpdateCheck = 0720;
				LastUpgradeCheck = 0720;
				ORGANIZATIONNAME = fingent;
				TargetAttributes = {
					ADF5F8711C68A039004EF1DA = {
						CreatedOnToolsVersion = 7.2;
					};
				};
			};
			buildConfigurationList = ADF5F86D1C68A039004EF1DA /* Build configuration list for PBXProject "SampleScroll" */;
			compatibilityVersion = "Xcode 3.2";
			developmentRegion = English;
			hasScannedForEncodings = 0;
			knownRegions = (
				en,
				Base,
			);
			mainGroup = ADF5F8691C68A039004EF1DA;
			productRefGroup = ADF5F8731C68A039004EF1DA /* Products */;
			projectDirPath = "";
			projectRoot = "";
			targets = (
				ADF5F8711C68A039004EF1DA /* SampleScroll */,
			);
		};
/* End PBXProject section */

/* Begin PBXResourcesBuildPhase section */
		ADF5F8701C68A039004EF1DA /* Resources */ = {
			isa = PBXResourcesBuildPhase;
			buildActionMask = 2147483647;
			files = (
				ADF5F8801C68A039004EF1DA /* LaunchScreen.storyboard in Resources */,
				ADF5F87D1C68A039004EF1DA /* Assets.xcassets in Resources */,
				ADF5F87B1C68A039004EF1DA /* Main.storyboard in Resources */,
			);
			runOnlyForDeploymentPostprocessing = 0;
		};
/* End PBXResourcesBuildPhase section */

/* Begin PBXSourcesBuildPhase section */
		ADF5F86E1C68A039004EF1DA /* Sources */ = {
			isa = PBXSourcesBuildPhase;
			buildActionMask = 2147483647;
			files = (
				ADF5F8781C68A039004EF1DA /* ViewController.swift in Sources */,
				ADF5F8761C68A039004EF1DA /* AppDelegate.swift in Sources */,
			);
			runOnlyForDeploymentPostprocessing = 0;
		};
/* End PBXSourcesBuildPhase section */

/* Begin PBXVariantGroup section */
		ADF5F8791C68A039004EF1DA /* Main.storyboard */ = {
			isa = PBXVariantGroup;
			children = (
				ADF5F87A1C68A039004EF1DA /* Base */,
			);
			name = Main.storyboard;
			sourceTree = "<group>";
		};
		ADF5F87E1C68A039004EF1DA /* LaunchScreen.storyboard */ = {
			isa = PBXVariantGroup;
			children = (
				ADF5F87F1C68A039004EF1DA /* Base */,
			);
			name = LaunchScreen.storyboard;
			sourceTree = "<group>";
		};
/* End PBXVariantGroup section */

/* Begin XCBuildConfiguration section */
		ADF5F8821C68A039004EF1DA /* Debug */ = {
			isa = XCBuildConfiguration;
			buildSettings = {
				ALWAYS_SEARCH_USER_PATHS = NO;
				CLANG_CXX_LANGUAGE_STANDARD = "gnu++0x";
				CLANG_CXX_LIBRARY = "libc++";
				CLANG_ENABLE_MODULES = YES;
				CLANG_ENABLE_OBJC_ARC = YES;
				CLANG_WARN_BOOL_CONVERSION = YES;
				CLANG_WARN_CONSTANT_CONVERSION = YES;
				CLANG_WARN_DIRECT_OBJC_ISA_USAGE = YES_ERROR;
				CLANG_WARN_EMPTY_BODY = YES;
				CLANG_WARN_ENUM_CONVERSION = YES;
				CLANG_WARN_INT_CONVERSION = YES;
				CLANG_WARN_OBJC_ROOT_CLASS = YES_ERROR;
				CLANG_WARN_UNREACHABLE_CODE = YES;
				CLANG_WARN__DUPLICATE_METHOD_MATCH = YES;
				"CODE_SIGN_IDENTITY[sdk=iphoneos*]" = "iPhone Developer";
				COPY_PHASE_STRIP = NO;
				DEBUG_INFORMATION_FORMAT = dwarf;
				ENABLE_STRICT_OBJC_MSGSEND = YES;
				ENABLE_TESTABILITY = YES;
				GCC_C_LANGUAGE_STANDARD = gnu99;
				GCC_DYNAMIC_NO_PIC = NO;
				GCC_NO_COMMON_BLOCKS = YES;
				GCC_OPTIMIZATION_LEVEL = 0;
				GCC_PREPROCESSOR_DEFINITIONS = (
					"DEBUG=1",
					"$(inherited)",
				);
				GCC_WARN_64_TO_32_BIT_CONVERSION = YES;
				GCC_WARN_ABOUT_RETURN_TYPE = YES_ERROR;
				GCC_WARN_UNDECLARED_SELECTOR = YES;
				GCC_WARN_UNINITIALIZED_AUTOS = YES_AGGRESSIVE;
				GCC_WARN_UNUSED_FUNCTION = YES;
				GCC_WARN_UNUSED_VARIABLE = YES;
				IPHONEOS_DEPLOYMENT_TARGET = 9.2;
				MTL_ENABLE_DEBUG_INFO = YES;
				ONLY_ACTIVE_ARCH = YES;
				SDKROOT = iphoneos;
				SWIFT_OPTIMIZATION_LEVEL = "-Onone";
			};
			name = Debug;
		};
		ADF5F8831C68A039004EF1DA /* Release */ = {
			isa = XCBuildConfiguration;
			buildSettings = {
				ALWAYS_SEARCH_USER_PATHS = NO;
				CLANG_CXX_LANGUAGE_STANDARD = "gnu++0x";
				CLANG_CXX_LIBRARY = "libc++";
				CLANG_ENABLE_MODULES = YES;
				CLANG_ENABLE_OBJC_ARC = YES;
				CLANG_WARN_BOOL_CONVERSION = YES;
				CLANG_WARN_CONSTANT_CONVERSION = YES;
				CLANG_WARN_DIRECT_OBJC_ISA_USAGE = YES_ERROR;
				CLANG_WARN_EMPTY_BODY = YES;
				CLANG_WARN_ENUM_CONVERSION = YES;
				CLANG_WARN_INT_CONVERSION = YES;
				CLANG_WARN_OBJC_ROOT_CLASS = YES_ERROR;
				CLANG_WARN_UNREACHABLE_CODE = YES;
				CLANG_WARN__DUPLICATE_METHOD_MATCH = YES;
				"CODE_SIGN_IDENTITY[sdk=iphoneos*]" = "iPhone Developer";
				COPY_PHASE_STRIP = NO;
				DEBUG_INFORMATION_FORMAT = "dwarf-with-dsym";
				ENABLE_NS_ASSERTIONS = NO;
				ENABLE_STRICT_OBJC_MSGSEND = YES;
				GCC_C_LANGUAGE_STANDARD = gnu99;
				GCC_NO_COMMON_BLOCKS = YES;
				GCC_WARN_64_TO_32_BIT_CONVERSION = YES;
				GCC_WARN_ABOUT_RETURN_TYPE = YES_ERROR;
				GCC_WARN_UNDECLARED_SELECTOR = YES;
				GCC_WARN_UNINITIALIZED_AUTOS = YES_AGGRESSIVE;
				GCC_WARN_UNUSED_FUNCTION = YES;
				GCC_WARN_UNUSED_VARIABLE = YES;
				IPHONEOS_DEPLOYMENT_TARGET = 9.2;
				MTL_ENABLE_DEBUG_INFO = NO;
				SDKROOT = iphoneos;
				VALIDATE_PRODUCT = YES;
			};
			name = Release;
		};
		ADF5F8851C68A039004EF1DA /* Debug */ = {
			isa = XCBuildConfiguration;
			buildSettings = {
				ASSETCATALOG_COMPILER_APPICON_NAME = AppIcon;
				INFOPLIST_FILE = SampleScroll/Info.plist;
				LD_RUNPATH_SEARCH_PATHS = "$(inherited) @executable_path/Frameworks";
				PRODUCT_BUNDLE_IDENTIFIER = com.fingent.SampleScroll;
				PRODUCT_NAME = "$(TARGET_NAME)";
			};
			name = Debug;
		};
		ADF5F8861C68A039004EF1DA /* Release */ = {
			isa = XCBuildConfiguration;
			buildSettings = {
				ASSETCATALOG_COMPILER_APPICON_NAME = AppIcon;
				INFOPLIST_FILE = SampleScroll/Info.plist;
				LD_RUNPATH_SEARCH_PATHS = "$(inherited) @executable_path/Frameworks";
				PRODUCT_BUNDLE_IDENTIFIER = com.fingent.SampleScroll;
				PRODUCT_NAME = "$(TARGET_NAME)";
			};
			name = Release;
		};
/* End XCBuildConfiguration section */

/* Begin XCConfigurationList section */
		ADF5F86D1C68A039004EF1DA /* Build configuration list for PBXProject "SampleScroll" */ = {
			isa = XCConfigurationList;
			buildConfigurations = (
				ADF5F8821C68A039004EF1DA /* Debug */,
				ADF5F8831C68A039004EF1DA /* Release */,
			);
			defaultConfigurationIsVisible = 0;
			defaultConfigurationName = Release;
		};
		ADF5F8841C68A039004EF1DA /* Build configuration list for PBXNativeTarget "SampleScroll" */ = {
			isa = XCConfigurationList;
			buildConfigurations = (
				ADF5F8851C68A039004EF1DA /* Debug */,
				ADF5F8861C68A039004EF1DA /* Release */,
			);
			defaultConfigurationIsVisible = 0;
			defaultConfigurationName = Release;
		};
/* End XCConfigurationList section */
	};
	rootObject = ADF5F86A1C68A039004EF1DA /* Project object */;
}
